
Microsoft Visual Studio Solution File, Format Version 12.00
# Visual Studio 2015
Project("{FAE04EC0-301F-11D3-BF4B-00C04F79EFBC}") = "Drive.CSharp", "Drive.CSharp.csproj", "{A99F39FB-9F16-8C6A-161B-5A238CA1F309}"
EndProject
Global
	GlobalSection(SolutionConfigurationPlatforms) = preSolution
		Debug|Any CPU = Debug|Any CPU
		Release|Any CPU = Release|Any CPU
	EndGlobalSection
	GlobalSection(ProjectConfigurationPlatforms) = postSolution
		{A99F39FB-9F16-8C6A-161B-5A238CA1F309}.Debug|Any CPU.ActiveCfg = Debug|Any CPU
		{A99F39FB-9F16-8C6A-161B-5A238CA1F309}.Debug|Any CPU.Build.0 = Debug|Any CPU
		{A99F39FB-9F16-8C6A-161B-5A238CA1F309}.Release|Any CPU.ActiveCfg = Release|Any CPU
		{A99F39FB-9F16-8C6A-161B-5A238CA1F309}.Release|Any CPU.Build.0 = Release|Any CPU
	EndGlobalSection
	GlobalSection(SolutionProperties) = preSolution
		HideSolutionNode = FALSE
	EndGlobalSection
EndGlobal
