Microsoft Visual Studio Solution File, Format Version 11.00
# Visual Studio 2008

Project("{F2C6151D-6C0D-99F3-6661-29B97E2100F5}") = "Drive", "Assembly-CSharp.csproj", "{177C378E-005F-D869-DA48-519997DD13AF}"
EndProject
Global
	GlobalSection(SolutionConfigurationPlatforms) = preSolution
		Debug|Any CPU = Debug|Any CPU
		Release|Any CPU = Release|Any CPU
	EndGlobalSection
	GlobalSection(ProjectConfigurationPlatforms) = postSolution
		{177C378E-005F-D869-DA48-519997DD13AF}.Debug|Any CPU.ActiveCfg = Debug|Any CPU
		{177C378E-005F-D869-DA48-519997DD13AF}.Debug|Any CPU.Build.0 = Debug|Any CPU
		{177C378E-005F-D869-DA48-519997DD13AF}.Release|Any CPU.ActiveCfg = Release|Any CPU
		{177C378E-005F-D869-DA48-519997DD13AF}.Release|Any CPU.Build.0 = Release|Any CPU
	EndGlobalSection
	GlobalSection(SolutionProperties) = preSolution
		HideSolutionNode = FALSE
	EndGlobalSection
	GlobalSection(MonoDevelopProperties) = preSolution
		StartupItem = Assembly-CSharp.csproj
	EndGlobalSection
EndGlobal
